// !$*UTF8*$!
{
	archiveVersion = 1;
	classes = {
	};
	objectVersion = 46;
	objects = {

/* Begin PBXBuildFile section */
		2E085E1D1D6000BC0001049D /* main.m in Sources */ = {isa = PBXBuildFile; fileRef = 2E085E1C1D6000BC0001049D /* main.m */; };
		2E085E201D6000BC0001049D /* AppDelegate.m in Sources */ = {isa = PBXBuildFile; fileRef = 2E085E1F1D6000BC0001049D /* AppDelegate.m */; };
		2E085E231D6000BC0001049D /* ViewController.m in Sources */ = {isa = PBXBuildFile; fileRef = 2E085E221D6000BC0001049D /* ViewController.m */; };
		2E085E261D6000BC0001049D /* Main.storyboard in Resources */ = {isa = PBXBuildFile; fileRef = 2E085E241D6000BC0001049D /* Main.storyboard */; };
		2E085E281D6000BC0001049D /* Assets.xcassets in Resources */ = {isa = PBXBuildFile; fileRef = 2E085E271D6000BC0001049D /* Assets.xcassets */; };
		2E085E2B1D6000BC0001049D /* LaunchScreen.storyboard in Resources */ = {isa = PBXBuildFile; fileRef = 2E085E291D6000BC0001049D /* LaunchScreen.storyboard */; };
		2E085E361D6000BC0001049D /* ConfigTests.m in Sources */ = {isa = PBXBuildFile; fileRef = 2E085E351D6000BC0001049D /* ConfigTests.m */; };
		2E085E411D6000BC0001049D /* ConfigUITests.m in Sources */ = {isa = PBXBuildFile; fileRef = 2E085E401D6000BC0001049D /* ConfigUITests.m */; };
/* End PBXBuildFile section */

/* Begin PBXContainerItemProxy section */
		2E085E321D6000BC0001049D /* PBXContainerItemProxy */ = {
			isa = PBXContainerItemProxy;
			containerPortal = 2E085E101D6000BC0001049D /* Project object */;
			proxyType = 1;
			remoteGlobalIDString = 2E085E171D6000BC0001049D;
			remoteInfo = Config;
		};
		2E085E3D1D6000BC0001049D /* PBXContainerItemProxy */ = {
			isa = PBXContainerItemProxy;
			containerPortal = 2E085E101D6000BC0001049D /* Project object */;
			proxyType = 1;
			remoteGlobalIDString = 2E085E171D6000BC0001049D;
			remoteInfo = Config;
		};
/* End PBXContainerItemProxy section */

/* Begin PBXFileReference section */
		2E085E181D6000BC0001049D /* Config.app */ = {isa = PBXFileReference; explicitFileType = wrapper.application; includeInIndex = 0; path = Config.app; sourceTree = BUILT_PRODUCTS_DIR; };
		2E085E1C1D6000BC0001049D /* main.m */ = {isa = PBXFileReference; lastKnownFileType = sourcecode.c.objc; path = main.m; sourceTree = "<group>"; };
		2E085E1E1D6000BC0001049D /* AppDelegate.h */ = {isa = PBXFileReference; lastKnownFileType = sourcecode.c.h; path = AppDelegate.h; sourceTree = "<group>"; };
		2E085E1F1D6000BC0001049D /* AppDelegate.m */ = {isa = PBXFileReference; lastKnownFileType = sourcecode.c.objc; path = AppDelegate.m; sourceTree = "<group>"; };
		2E085E211D6000BC0001049D /* ViewController.h */ = {isa = PBXFileReference; lastKnownFileType = sourcecode.c.h; path = ViewController.h; sourceTree = "<group>"; };
		2E085E221D6000BC0001049D /* ViewController.m */ = {isa = PBXFileReference; lastKnownFileType = sourcecode.c.objc; path = ViewController.m; sourceTree = "<group>"; };
		2E085E251D6000BC0001049D /* Base */ = {isa = PBXFileReference; lastKnownFileType = file.storyboard; name = Base; path = Base.lproj/Main.storyboard; sourceTree = "<group>"; };
		2E085E271D6000BC0001049D /* Assets.xcassets */ = {isa = PBXFileReference; lastKnownFileType = folder.assetcatalog; path = Assets.xcassets; sourceTree = "<group>"; };
		2E085E2A1D6000BC0001049D /* Base */ = {isa = PBXFileReference; lastKnownFileType = file.storyboard; name = Base; path = Base.lproj/LaunchScreen.storyboard; sourceTree = "<group>"; };
		2E085E2C1D6000BC0001049D /* Info.plist */ = {isa = PBXFileReference; lastKnownFileType = text.plist.xml; path = Info.plist; sourceTree = "<group>"; };
		2E085E311D6000BC0001049D /* ConfigTests.xctest */ = {isa = PBXFileReference; explicitFileType = wrapper.cfbundle; includeInIndex = 0; path = ConfigTests.xctest; sourceTree = BUILT_PRODUCTS_DIR; };
		2E085E351D6000BC0001049D /* ConfigTests.m */ = {isa = PBXFileReference; lastKnownFileType = sourcecode.c.objc; path = ConfigTests.m; sourceTree = "<group>"; };
		2E085E371D6000BC0001049D /* Info.plist */ = {isa = PBXFileReference; lastKnownFileType = text.plist.xml; path = Info.plist; sourceTree = "<group>"; };
		2E085E3C1D6000BC0001049D /* ConfigUITests.xctest */ = {isa = PBXFileReference; explicitFileType = wrapper.cfbundle; includeInIndex = 0; path = ConfigUITests.xctest; sourceTree = BUILT_PRODUCTS_DIR; };
		2E085E401D6000BC0001049D /* ConfigUITests.m */ = {isa = PBXFileReference; lastKnownFileType = sourcecode.c.objc; path = ConfigUITests.m; sourceTree = "<group>"; };
		2E085E421D6000BC0001049D /* Info.plist */ = {isa = PBXFileReference; lastKnownFileType = text.plist.xml; path = Info.plist; sourceTree = "<group>"; };
/* End PBXFileReference section */

/* Begin PBXFrameworksBuildPhase section */
		2E085E151D6000BC0001049D /* Frameworks */ = {
			isa = PBXFrameworksBuildPhase;
			buildActionMask = 2147483647;
			files = (
			);
			runOnlyForDeploymentPostprocessing = 0;
		};
		2E085E2E1D6000BC0001049D /* Frameworks */ = {
			isa = PBXFrameworksBuildPhase;
			buildActionMask = 2147483647;
			files = (
			);
			runOnlyForDeploymentPostprocessing = 0;
		};
		2E085E391D6000BC0001049D /* Frameworks */ = {
			isa = PBXFrameworksBuildPhase;
			buildActionMask = 2147483647;
			files = (
			);
			runOnlyForDeploymentPostprocessing = 0;
		};
/* End PBXFrameworksBuildPhase section */

/* Begin PBXGroup section */
		2E085E0F1D6000BC0001049D = {
			isa = PBXGroup;
			children = (
				2E085E1A1D6000BC0001049D /* Config */,
				2E085E341D6000BC0001049D /* ConfigTests */,
				2E085E3F1D6000BC0001049D /* ConfigUITests */,
				2E085E191D6000BC0001049D /* Products */,
			);
			sourceTree = "<group>";
		};
		2E085E191D6000BC0001049D /* Products */ = {
			isa = PBXGroup;
			children = (
				2E085E181D6000BC0001049D /* Config.app */,
				2E085E311D6000BC0001049D /* ConfigTests.xctest */,
				2E085E3C1D6000BC0001049D /* ConfigUITests.xctest */,
			);
			name = Products;
			sourceTree = "<group>";
		};
		2E085E1A1D6000BC0001049D /* Config */ = {
			isa = PBXGroup;
			children = (
				2E085E1E1D6000BC0001049D /* AppDelegate.h */,
				2E085E1F1D6000BC0001049D /* AppDelegate.m */,
				2E085E211D6000BC0001049D /* ViewController.h */,
				2E085E221D6000BC0001049D /* ViewController.m */,
				2E085E241D6000BC0001049D /* Main.storyboard */,
				2E085E271D6000BC0001049D /* Assets.xcassets */,
				2E085E291D6000BC0001049D /* LaunchScreen.storyboard */,
				2E085E2C1D6000BC0001049D /* Info.plist */,
				2E085E1B1D6000BC0001049D /* Supporting Files */,
			);
			path = Config;
			sourceTree = "<group>";
		};
		2E085E1B1D6000BC0001049D /* Supporting Files */ = {
			isa = PBXGroup;
			children = (
				2E085E1C1D6000BC0001049D /* main.m */,
			);
			name = "Supporting Files";
			sourceTree = "<group>";
		};
		2E085E341D6000BC0001049D /* ConfigTests */ = {
			isa = PBXGroup;
			children = (
				2E085E351D6000BC0001049D /* ConfigTests.m */,
				2E085E371D6000BC0001049D /* Info.plist */,
			);
			path = ConfigTests;
			sourceTree = "<group>";
		};
		2E085E3F1D6000BC0001049D /* ConfigUITests */ = {
			isa = PBXGroup;
			children = (
				2E085E401D6000BC0001049D /* ConfigUITests.m */,
				2E085E421D6000BC0001049D /* Info.plist */,
			);
			path = ConfigUITests;
			sourceTree = "<group>";
		};
/* End PBXGroup section */

/* Begin PBXNativeTarget section */
		2E085E171D6000BC0001049D /* Config */ = {
			isa = PBXNativeTarget;
			buildConfigurationList = 2E085E451D6000BC0001049D /* Build configuration list for PBXNativeTarget "Config" */;
			buildPhases = (
				2E085E141D6000BC0001049D /* Sources */,
				2E085E151D6000BC0001049D /* Frameworks */,
				2E085E161D6000BC0001049D /* Resources */,
			);
			buildRules = (
			);
			dependencies = (
			);
			name = Config;
			productName = Config;
			productReference = 2E085E181D6000BC0001049D /* Config.app */;
			productType = "com.apple.product-type.application";
		};
		2E085E301D6000BC0001049D /* ConfigTests */ = {
			isa = PBXNativeTarget;
			buildConfigurationList = 2E085E481D6000BC0001049D /* Build configuration list for PBXNativeTarget "ConfigTests" */;
			buildPhases = (
				2E085E2D1D6000BC0001049D /* Sources */,
				2E085E2E1D6000BC0001049D /* Frameworks */,
				2E085E2F1D6000BC0001049D /* Resources */,
			);
			buildRules = (
			);
			dependencies = (
				2E085E331D6000BC0001049D /* PBXTargetDependency */,
			);
			name = ConfigTests;
			productName = ConfigTests;
			productReference = 2E085E311D6000BC0001049D /* ConfigTests.xctest */;
			productType = "com.apple.product-type.bundle.unit-test";
		};
		2E085E3B1D6000BC0001049D /* ConfigUITests */ = {
			isa = PBXNativeTarget;
			buildConfigurationList = 2E085E4B1D6000BC0001049D /* Build configuration list for PBXNativeTarget "ConfigUITests" */;
			buildPhases = (
				2E085E381D6000BC0001049D /* Sources */,
				2E085E391D6000BC0001049D /* Frameworks */,
				2E085E3A1D6000BC0001049D /* Resources */,
			);
			buildRules = (
			);
			dependencies = (
				2E085E3E1D6000BC0001049D /* PBXTargetDependency */,
			);
			name = ConfigUITests;
			productName = ConfigUITests;
			productReference = 2E085E3C1D6000BC0001049D /* ConfigUITests.xctest */;
			productType = "com.apple.product-type.bundle.ui-testing";
		};
/* End PBXNativeTarget section */

/* Begin PBXProject section */
		2E085E101D6000BC0001049D /* Project object */ = {
			isa = PBXProject;
			attributes = {
				LastUpgradeCheck = 0730;
				ORGANIZATIONNAME = "丸子";
				TargetAttributes = {
					2E085E171D6000BC0001049D = {
						CreatedOnToolsVersion = 7.3.1;
					};
					2E085E301D6000BC0001049D = {
						CreatedOnToolsVersion = 7.3.1;
						TestTargetID = 2E085E171D6000BC0001049D;
					};
					2E085E3B1D6000BC0001049D = {
						CreatedOnToolsVersion = 7.3.1;
						TestTargetID = 2E085E171D6000BC0001049D;
					};
				};
			};
			buildConfigurationList = 2E085E131D6000BC0001049D /* Build configuration list for PBXProject "Config" */;
			compatibilityVersion = "Xcode 3.2";
			developmentRegion = English;
			hasScannedForEncodings = 0;
			knownRegions = (
				en,
				Base,
			);
			mainGroup = 2E085E0F1D6000BC0001049D;
			productRefGroup = 2E085E191D6000BC0001049D /* Products */;
			projectDirPath = "";
			projectRoot = "";
			targets = (
				2E085E171D6000BC0001049D /* Config */,
				2E085E301D6000BC0001049D /* ConfigTests */,
				2E085E3B1D6000BC0001049D /* ConfigUITests */,
			);
		};
/* End PBXProject section */

/* Begin PBXResourcesBuildPhase section */
		2E085E161D6000BC0001049D /* Resources */ = {
			isa = PBXResourcesBuildPhase;
			buildActionMask = 2147483647;
			files = (
				2E085E2B1D6000BC0001049D /* LaunchScreen.storyboard in Resources */,
				2E085E281D6000BC0001049D /* Assets.xcassets in Resources */,
				2E085E261D6000BC0001049D /* Main.storyboard in Resources */,
			);
			runOnlyForDeploymentPostprocessing = 0;
		};
		2E085E2F1D6000BC0001049D /* Resources */ = {
			isa = PBXResourcesBuildPhase;
			buildActionMask = 2147483647;
			files = (
			);
			runOnlyForDeploymentPostprocessing = 0;
		};
		2E085E3A1D6000BC0001049D /* Resources */ = {
			isa = PBXResourcesBuildPhase;
			buildActionMask = 2147483647;
			files = (
			);
			runOnlyForDeploymentPostprocessing = 0;
		};
/* End PBXResourcesBuildPhase section */

/* Begin PBXSourcesBuildPhase section */
		2E085E141D6000BC0001049D /* Sources */ = {
			isa = PBXSourcesBuildPhase;
			buildActionMask = 2147483647;
			files = (
				2E085E231D6000BC0001049D /* ViewController.m in Sources */,
				2E085E201D6000BC0001049D /* AppDelegate.m in Sources */,
				2E085E1D1D6000BC0001049D /* main.m in Sources */,
			);
			runOnlyForDeploymentPostprocessing = 0;
		};
		2E085E2D1D6000BC0001049D /* Sources */ = {
			isa = PBXSourcesBuildPhase;
			buildActionMask = 2147483647;
			files = (
				2E085E361D6000BC0001049D /* ConfigTests.m in Sources */,
			);
			runOnlyForDeploymentPostprocessing = 0;
		};
		2E085E381D6000BC0001049D /* Sources */ = {
			isa = PBXSourcesBuildPhase;
			buildActionMask = 2147483647;
			files = (
				2E085E411D6000BC0001049D /* ConfigUITests.m in Sources */,
			);
			runOnlyForDeploymentPostprocessing = 0;
		};
/* End PBXSourcesBuildPhase section */

/* Begin PBXTargetDependency section */
		2E085E331D6000BC0001049D /* PBXTargetDependency */ = {
			isa = PBXTargetDependency;
			target = 2E085E171D6000BC0001049D /* Config */;
			targetProxy = 2E085E321D6000BC0001049D /* PBXContainerItemProxy */;
		};
		2E085E3E1D6000BC0001049D /* PBXTargetDependency */ = {
			isa = PBXTargetDependency;
			target = 2E085E171D6000BC0001049D /* Config */;
			targetProxy = 2E085E3D1D6000BC0001049D /* PBXContainerItemProxy */;
		};
/* End PBXTargetDependency section */

/* Begin PBXVariantGroup section */
		2E085E241D6000BC0001049D /* Main.storyboard */ = {
			isa = PBXVariantGroup;
			children = (
				2E085E251D6000BC0001049D /* Base */,
			);
			name = Main.storyboard;
			sourceTree = "<group>";
		};
		2E085E291D6000BC0001049D /* LaunchScreen.storyboard */ = {
			isa = PBXVariantGroup;
			children = (
				2E085E2A1D6000BC0001049D /* Base */,
			);
			name = LaunchScreen.storyboard;
			sourceTree = "<group>";
		};
/* End PBXVariantGroup section */

/* Begin XCBuildConfiguration section */
		2E085E431D6000BC0001049D /* Debug */ = {
			isa = XCBuildConfiguration;
			buildSettings = {
				ALWAYS_SEARCH_USER_PATHS = NO;
				APP_ICON_NAME = "";
				ASSETCATALOG_COMPILER_APPICON_NAME = "Icon-96";
				CLANG_ANALYZER_NONNULL = YES;
				CLANG_CXX_LANGUAGE_STANDARD = "gnu++0x";
				CLANG_CXX_LIBRARY = "libc++";
				CLANG_ENABLE_MODULES = YES;
				CLANG_ENABLE_OBJC_ARC = YES;
				CLANG_WARN_BOOL_CONVERSION = YES;
				CLANG_WARN_CONSTANT_CONVERSION = YES;
				CLANG_WARN_DIRECT_OBJC_ISA_USAGE = YES_ERROR;
				CLANG_WARN_EMPTY_BODY = YES;
				CLANG_WARN_ENUM_CONVERSION = YES;
				CLANG_WARN_INT_CONVERSION = YES;
				CLANG_WARN_OBJC_ROOT_CLASS = YES_ERROR;
				CLANG_WARN_UNREACHABLE_CODE = YES;
				CLANG_WARN__DUPLICATE_METHOD_MATCH = YES;
				"CODE_SIGN_IDENTITY[sdk=iphoneos*]" = "iPhone Developer";
				COPY_PHASE_STRIP = NO;
				CustomAppBundleld = text.Debug;
				CustomProductName = "测试Debug";
				DEBUG_INFORMATION_FORMAT = dwarf;
				ENABLE_STRICT_OBJC_MSGSEND = YES;
				ENABLE_TESTABILITY = YES;
				GCC_C_LANGUAGE_STANDARD = gnu99;
				GCC_DYNAMIC_NO_PIC = NO;
				GCC_NO_COMMON_BLOCKS = YES;
				GCC_OPTIMIZATION_LEVEL = 0;
				GCC_PREPROCESSOR_DEFINITIONS = (
					"DEBUG=1",
					"$(inherited)",
				);
				GCC_WARN_64_TO_32_BIT_CONVERSION = YES;
				GCC_WARN_ABOUT_RETURN_TYPE = YES_ERROR;
				GCC_WARN_UNDECLARED_SELECTOR = YES;
				GCC_WARN_UNINITIALIZED_AUTOS = YES_AGGRESSIVE;
				GCC_WARN_UNUSED_FUNCTION = YES;
				GCC_WARN_UNUSED_VARIABLE = YES;
				IPHONEOS_DEPLOYMENT_TARGET = 9.3;
				MTL_ENABLE_DEBUG_INFO = YES;
				ONLY_ACTIVE_ARCH = YES;
				SDKROOT = iphoneos;
				TARGETED_DEVICE_FAMILY = "1,2";
			};
			name = Debug;
		};
		2E085E441D6000BC0001049D /* Release */ = {
			isa = XCBuildConfiguration;
			buildSettings = {
				ALWAYS_SEARCH_USER_PATHS = NO;
				APP_ICON_NAME = "";
				ASSETCATALOG_COMPILER_APPICON_NAME = "Icon-96";
				CLANG_ANALYZER_NONNULL = YES;
				CLANG_CXX_LANGUAGE_STANDARD = "gnu++0x";
				CLANG_CXX_LIBRARY = "libc++";
				CLANG_ENABLE_MODULES = YES;
				CLANG_ENABLE_OBJC_ARC = YES;
				CLANG_WARN_BOOL_CONVERSION = YES;
				CLANG_WARN_CONSTANT_CONVERSION = YES;
				CLANG_WARN_DIRECT_OBJC_ISA_USAGE = YES_ERROR;
				CLANG_WARN_EMPTY_BODY = YES;
				CLANG_WARN_ENUM_CONVERSION = YES;
				CLANG_WARN_INT_CONVERSION = YES;
				CLANG_WARN_OBJC_ROOT_CLASS = YES_ERROR;
				CLANG_WARN_UNREACHABLE_CODE = YES;
				CLANG_WARN__DUPLICATE_METHOD_MATCH = YES;
				"CODE_SIGN_IDENTITY[sdk=iphoneos*]" = "iPhone Developer";
				COPY_PHASE_STRIP = NO;
				CustomAppBundleld = text.Release;
				CustomProductName = "线上Release";
				DEBUG_INFORMATION_FORMAT = "dwarf-with-dsym";
				ENABLE_NS_ASSERTIONS = NO;
				ENABLE_STRICT_OBJC_MSGSEND = YES;
				GCC_C_LANGUAGE_STANDARD = gnu99;
				GCC_NO_COMMON_BLOCKS = YES;
				GCC_PREPROCESSOR_DEFINITIONS = "RELEASE=1";
				GCC_WARN_64_TO_32_BIT_CONVERSION = YES;
				GCC_WARN_ABOUT_RETURN_TYPE = YES_ERROR;
				GCC_WARN_UNDECLARED_SELECTOR = YES;
				GCC_WARN_UNINITIALIZED_AUTOS = YES_AGGRESSIVE;
				GCC_WARN_UNUSED_FUNCTION = YES;
				GCC_WARN_UNUSED_VARIABLE = YES;
				IPHONEOS_DEPLOYMENT_TARGET = 9.3;
				MTL_ENABLE_DEBUG_INFO = NO;
				SDKROOT = iphoneos;
				TARGETED_DEVICE_FAMILY = "1,2";
				VALIDATE_PRODUCT = YES;
			};
			name = Release;
		};
		2E085E461D6000BC0001049D /* Debug */ = {
			isa = XCBuildConfiguration;
			buildSettings = {
				ASSETCATALOG_COMPILER_APPICON_NAME = AppIcon;
				BUNDLEZIDINGYI = debugtext.Config;
				INFOPLIST_FILE = Config/Info.plist;
				LD_RUNPATH_SEARCH_PATHS = "$(inherited) @executable_path/Frameworks";
				PRODUCT_BUNDLE_IDENTIFIER = text.Config;
				PRODUCT_NAME = "$(TARGET_NAME)";
			};
			name = Debug;
		};
		2E085E471D6000BC0001049D /* Release */ = {
			isa = XCBuildConfiguration;
			buildSettings = {
				ASSETCATALOG_COMPILER_APPICON_NAME = AppIcon;
				BUNDLEZIDINGYI = Releasetext.Config;
				GCC_PREPROCESSOR_DEFINITIONS = "RELEASE=1";
				INFOPLIST_FILE = Config/Info.plist;
				LD_RUNPATH_SEARCH_PATHS = "$(inherited) @executable_path/Frameworks";
				PRODUCT_BUNDLE_IDENTIFIER = text.Config;
				PRODUCT_NAME = "$(TARGET_NAME)";
			};
			name = Release;
		};
		2E085E491D6000BC0001049D /* Debug */ = {
			isa = XCBuildConfiguration;
			buildSettings = {
				BUNDLE_LOADER = "$(TEST_HOST)";
				INFOPLIST_FILE = ConfigTests/Info.plist;
				LD_RUNPATH_SEARCH_PATHS = "$(inherited) @executable_path/Frameworks @loader_path/Frameworks";
				PRODUCT_BUNDLE_IDENTIFIER = text.ConfigTests;
				PRODUCT_NAME = "$(TARGET_NAME)";
				TEST_HOST = "$(BUILT_PRODUCTS_DIR)/Config.app/Config";
			};
			name = Debug;
		};
		2E085E4A1D6000BC0001049D /* Release */ = {
			isa = XCBuildConfiguration;
			buildSettings = {
				BUNDLE_LOADER = "$(TEST_HOST)";
				INFOPLIST_FILE = ConfigTests/Info.plist;
				LD_RUNPATH_SEARCH_PATHS = "$(inherited) @executable_path/Frameworks @loader_path/Frameworks";
				PRODUCT_BUNDLE_IDENTIFIER = text.ConfigTests;
				PRODUCT_NAME = "$(TARGET_NAME)";
				TEST_HOST = "$(BUILT_PRODUCTS_DIR)/Config.app/Config";
			};
			name = Release;
		};
		2E085E4C1D6000BC0001049D /* Debug */ = {
			isa = XCBuildConfiguration;
			buildSettings = {
				INFOPLIST_FILE = ConfigUITests/Info.plist;
				LD_RUNPATH_SEARCH_PATHS = "$(inherited) @executable_path/Frameworks @loader_path/Frameworks";
				PRODUCT_BUNDLE_IDENTIFIER = text.ConfigUITests;
				PRODUCT_NAME = "$(TARGET_NAME)";
				TEST_TARGET_NAME = Config;
			};
			name = Debug;
		};
		2E085E4D1D6000BC0001049D /* Release */ = {
			isa = XCBuildConfiguration;
			buildSettings = {
				INFOPLIST_FILE = ConfigUITests/Info.plist;
				LD_RUNPATH_SEARCH_PATHS = "$(inherited) @executable_path/Frameworks @loader_path/Frameworks";
				PRODUCT_BUNDLE_IDENTIFIER = text.ConfigUITests;
				PRODUCT_NAME = "$(TARGET_NAME)";
				TEST_TARGET_NAME = Config;
			};
			name = Release;
		};
		2E085E4E1D6001510001049D /* AdHoc */ = {
			isa = XCBuildConfiguration;
			buildSettings = {
				ALWAYS_SEARCH_USER_PATHS = NO;
				APP_ICON_NAME = "";
				ASSETCATALOG_COMPILER_APPICON_NAME = "Icon-96";
				CLANG_ANALYZER_NONNULL = YES;
				CLANG_CXX_LANGUAGE_STANDARD = "gnu++0x";
				CLANG_CXX_LIBRARY = "libc++";
				CLANG_ENABLE_MODULES = YES;
				CLANG_ENABLE_OBJC_ARC = YES;
				CLANG_WARN_BOOL_CONVERSION = YES;
				CLANG_WARN_CONSTANT_CONVERSION = YES;
				CLANG_WARN_DIRECT_OBJC_ISA_USAGE = YES_ERROR;
				CLANG_WARN_EMPTY_BODY = YES;
				CLANG_WARN_ENUM_CONVERSION = YES;
				CLANG_WARN_INT_CONVERSION = YES;
				CLANG_WARN_OBJC_ROOT_CLASS = YES_ERROR;
				CLANG_WARN_UNREACHABLE_CODE = YES;
				CLANG_WARN__DUPLICATE_METHOD_MATCH = YES;
				"CODE_SIGN_IDENTITY[sdk=iphoneos*]" = "iPhone Developer";
				COPY_PHASE_STRIP = NO;
				CustomAppBundleld = text.AdHoc;
				CustomProductName = "二维码";
				DEBUG_INFORMATION_FORMAT = dwarf;
				ENABLE_STRICT_OBJC_MSGSEND = YES;
				ENABLE_TESTABILITY = YES;
				GCC_C_LANGUAGE_STANDARD = gnu99;
				GCC_DYNAMIC_NO_PIC = NO;
				GCC_NO_COMMON_BLOCKS = YES;
				GCC_OPTIMIZATION_LEVEL = 0;
				GCC_PREPROCESSOR_DEFINITIONS = (
					"AdHoc=1",
					"$(inherited)",
				);
				GCC_WARN_64_TO_32_BIT_CONVERSION = YES;
				GCC_WARN_ABOUT_RETURN_TYPE = YES_ERROR;
				GCC_WARN_UNDECLARED_SELECTOR = YES;
				GCC_WARN_UNINITIALIZED_AUTOS = YES_AGGRESSIVE;
				GCC_WARN_UNUSED_FUNCTION = YES;
				GCC_WARN_UNUSED_VARIABLE = YES;
				IPHONEOS_DEPLOYMENT_TARGET = 9.3;
				MTL_ENABLE_DEBUG_INFO = YES;
				ONLY_ACTIVE_ARCH = YES;
				SDKROOT = iphoneos;
				TARGETED_DEVICE_FAMILY = "1,2";
			};
			name = AdHoc;
		};
		2E085E4F1D6001510001049D /* AdHoc */ = {
			isa = XCBuildConfiguration;
			buildSettings = {
				ASSETCATALOG_COMPILER_APPICON_NAME = AppIcon;
				BUNDLEZIDINGYI = text.Config;
				GCC_PREPROCESSOR_DEFINITIONS = "ADHOC=1";
				INFOPLIST_FILE = Config/Info.plist;
				LD_RUNPATH_SEARCH_PATHS = "$(inherited) @executable_path/Frameworks";
				PRODUCT_BUNDLE_IDENTIFIER = text.Config;
				PRODUCT_NAME = "$(TARGET_NAME)";
			};
			name = AdHoc;
		};
		2E085E501D6001510001049D /* AdHoc */ = {
			isa = XCBuildConfiguration;
			buildSettings = {
				BUNDLE_LOADER = "$(TEST_HOST)";
				INFOPLIST_FILE = ConfigTests/Info.plist;
				LD_RUNPATH_SEARCH_PATHS = "$(inherited) @executable_path/Frameworks @loader_path/Frameworks";
				PRODUCT_BUNDLE_IDENTIFIER = text.ConfigTests;
				PRODUCT_NAME = "$(TARGET_NAME)";
				TEST_HOST = "$(BUILT_PRODUCTS_DIR)/Config.app/Config";
			};
			name = AdHoc;
		};
		2E085E511D6001510001049D /* AdHoc */ = {
			isa = XCBuildConfiguration;
			buildSettings = {
				INFOPLIST_FILE = ConfigUITests/Info.plist;
				LD_RUNPATH_SEARCH_PATHS = "$(inherited) @executable_path/Frameworks @loader_path/Frameworks";
				PRODUCT_BUNDLE_IDENTIFIER = text.ConfigUITests;
				PRODUCT_NAME = "$(TARGET_NAME)";
				TEST_TARGET_NAME = Config;
			};
			name = AdHoc;
		};
/* End XCBuildConfiguration section */

/* Begin XCConfigurationList section */
		2E085E131D6000BC0001049D /* Build configuration list for PBXProject "Config" */ = {
			isa = XCConfigurationList;
			buildConfigurations = (
				2E085E431D6000BC0001049D /* Debug */,
				2E085E4E1D6001510001049D /* AdHoc */,
				2E085E441D6000BC0001049D /* Release */,
			);
			defaultConfigurationIsVisible = 0;
			defaultConfigurationName = Debug;
		};
		2E085E451D6000BC0001049D /* Build configuration list for PBXNativeTarget "Config" */ = {
			isa = XCConfigurationList;
			buildConfigurations = (
				2E085E461D6000BC0001049D /* Debug */,
				2E085E4F1D6001510001049D /* AdHoc */,
				2E085E471D6000BC0001049D /* Release */,
			);
			defaultConfigurationIsVisible = 0;
			defaultConfigurationName = Debug;
		};
		2E085E481D6000BC0001049D /* Build configuration list for PBXNativeTarget "ConfigTests" */ = {
			isa = XCConfigurationList;
			buildConfigurations = (
				2E085E491D6000BC0001049D /* Debug */,
				2E085E501D6001510001049D /* AdHoc */,
				2E085E4A1D6000BC0001049D /* Release */,
			);
			defaultConfigurationIsVisible = 0;
			defaultConfigurationName = Debug;
		};
		2E085E4B1D6000BC0001049D /* Build configuration list for PBXNativeTarget "ConfigUITests" */ = {
			isa = XCConfigurationList;
			buildConfigurations = (
				2E085E4C1D6000BC0001049D /* Debug */,
				2E085E511D6001510001049D /* AdHoc */,
				2E085E4D1D6000BC0001049D /* Release */,
			);
			defaultConfigurationIsVisible = 0;
			defaultConfigurationName = Debug;
		};
/* End XCConfigurationList section */
	};
	rootObject = 2E085E101D6000BC0001049D /* Project object */;
}
